// !$*UTF8*$!
{
	archiveVersion = 1;
	classes = {
	};
	objectVersion = 46;
	objects = {

/* Begin PBXBuildFile section */
		52ACA3AA1A42D99E002D7D7F /* AppDelegate.swift in Sources */ = {isa = PBXBuildFile; fileRef = 52ACA3A91A42D99E002D7D7F /* AppDelegate.swift */; };
		52ACA3AC1A42D99E002D7D7F /* HomeViewController.swift in Sources */ = {isa = PBXBuildFile; fileRef = 52ACA3AB1A42D99E002D7D7F /* HomeViewController.swift */; };
		52ACA3AE1A42D99E002D7D7F /* SettingViewController.swift in Sources */ = {isa = PBXBuildFile; fileRef = 52ACA3AD1A42D99E002D7D7F /* SettingViewController.swift */; };
		52ACA3B11A42D99E002D7D7F /* Main.storyboard in Resources */ = {isa = PBXBuildFile; fileRef = 52ACA3AF1A42D99E002D7D7F /* Main.storyboard */; };
		52ACA3B31A42D99E002D7D7F /* Images.xcassets in Resources */ = {isa = PBXBuildFile; fileRef = 52ACA3B21A42D99E002D7D7F /* Images.xcassets */; };
		52ACA3B61A42D99E002D7D7F /* LaunchScreen.xib in Resources */ = {isa = PBXBuildFile; fileRef = 52ACA3B41A42D99E002D7D7F /* LaunchScreen.xib */; };
		52ACA3C21A42D99E002D7D7F /* LinkerTests.swift in Sources */ = {isa = PBXBuildFile; fileRef = 52ACA3C11A42D99E002D7D7F /* LinkerTests.swift */; };
		52ACA3CE1A42DA75002D7D7F /* CollectionArrayDataSource.swift in Sources */ = {isa = PBXBuildFile; fileRef = 52ACA3CD1A42DA75002D7D7F /* CollectionArrayDataSource.swift */; };
		52BC0EC61A47C425001D2DAE /* Alamofire.framework in Copy Frameworks */ = {isa = PBXBuildFile; fileRef = 52BC0EC21A47C409001D2DAE /* Alamofire.framework */; settings = {ATTRIBUTES = (CodeSignOnCopy, RemoveHeadersOnCopy, ); }; };
		52BC0EE21A47F57F001D2DAE /* SwiftyJSON.framework in Copy Frameworks */ = {isa = PBXBuildFile; fileRef = 52BC0ED91A47F56C001D2DAE /* SwiftyJSON.framework */; settings = {ATTRIBUTES = (CodeSignOnCopy, RemoveHeadersOnCopy, ); }; };
		52DD65471A43FEBC004864F6 /* LinkManager.swift in Sources */ = {isa = PBXBuildFile; fileRef = 52DD65461A43FEBC004864F6 /* LinkManager.swift */; };
		52DD65B91A441296004864F6 /* BangumiKit.framework in Copy Frameworks */ = {isa = PBXBuildFile; fileRef = 52DD65B41A44128C004864F6 /* BangumiKit.framework */; settings = {ATTRIBUTES = (CodeSignOnCopy, RemoveHeadersOnCopy, ); }; };
		52DD65CA1A442D1B004864F6 /* BangumiSearchViewController.swift in Sources */ = {isa = PBXBuildFile; fileRef = 52DD65C91A442D1B004864F6 /* BangumiSearchViewController.swift */; };
		52F91E6C1A42EA8400A03CC0 /* AddLinkViewController.swift in Sources */ = {isa = PBXBuildFile; fileRef = 52F91E6B1A42EA8400A03CC0 /* AddLinkViewController.swift */; };
		52F91E6F1A42EDBB00A03CC0 /* LinkCollectionCell.swift in Sources */ = {isa = PBXBuildFile; fileRef = 52F91E6E1A42EDBB00A03CC0 /* LinkCollectionCell.swift */; };
/* End PBXBuildFile section */

/* Begin PBXContainerItemProxy section */
		52ACA3BC1A42D99E002D7D7F /* PBXContainerItemProxy */ = {
			isa = PBXContainerItemProxy;
			containerPortal = 52ACA39C1A42D99E002D7D7F /* Project object */;
			proxyType = 1;
			remoteGlobalIDString = 52ACA3A31A42D99E002D7D7F;
			remoteInfo = Linker;
		};
		52BC0EC11A47C409001D2DAE /* PBXContainerItemProxy */ = {
			isa = PBXContainerItemProxy;
			containerPortal = 52BC0EBC1A47C409001D2DAE /* Alamofire.xcodeproj */;
			proxyType = 2;
			remoteGlobalIDString = F8111E3319A95C8B0040E7D1;
			remoteInfo = Alamofire;
		};
		52BC0EC31A47C409001D2DAE /* PBXContainerItemProxy */ = {
			isa = PBXContainerItemProxy;
			containerPortal = 52BC0EBC1A47C409001D2DAE /* Alamofire.xcodeproj */;
			proxyType = 2;
			remoteGlobalIDString = F8111E3E19A95C8B0040E7D1;
			remoteInfo = AlamofireTests;
		};
		52BC0EC71A47C42A001D2DAE /* PBXContainerItemProxy */ = {
			isa = PBXContainerItemProxy;
			containerPortal = 52BC0EBC1A47C409001D2DAE /* Alamofire.xcodeproj */;
			proxyType = 1;
			remoteGlobalIDString = F8111E3219A95C8B0040E7D1;
			remoteInfo = Alamofire;
		};
		52BC0ED81A47F56C001D2DAE /* PBXContainerItemProxy */ = {
			isa = PBXContainerItemProxy;
			containerPortal = 52BC0ECF1A47F56C001D2DAE /* SwiftyJSON.xcodeproj */;
			proxyType = 2;
			remoteGlobalIDString = 2E4FEFDB19575BE100351305;
			remoteInfo = SwiftyJSON;
		};
		52BC0EDA1A47F56C001D2DAE /* PBXContainerItemProxy */ = {
			isa = PBXContainerItemProxy;
			containerPortal = 52BC0ECF1A47F56C001D2DAE /* SwiftyJSON.xcodeproj */;
			proxyType = 2;
			remoteGlobalIDString = 2E4FEFE619575BE100351305;
			remoteInfo = SwiftyJSONTests;
		};
		52BC0EDC1A47F56C001D2DAE /* PBXContainerItemProxy */ = {
			isa = PBXContainerItemProxy;
			containerPortal = 52BC0ECF1A47F56C001D2DAE /* SwiftyJSON.xcodeproj */;
			proxyType = 2;
			remoteGlobalIDString = 4EC1C1C91A0C1A2D0026ED0B;
			remoteInfo = SwiftyJSONOSX;
		};
		52BC0EDE1A47F56C001D2DAE /* PBXContainerItemProxy */ = {
			isa = PBXContainerItemProxy;
			containerPortal = 52BC0ECF1A47F56C001D2DAE /* SwiftyJSON.xcodeproj */;
			proxyType = 2;
			remoteGlobalIDString = 4EC1C1D31A0C1A2D0026ED0B;
			remoteInfo = SwiftyJSONOSXTests;
		};
		52BC0EE01A47F577001D2DAE /* PBXContainerItemProxy */ = {
			isa = PBXContainerItemProxy;
			containerPortal = 52BC0ECF1A47F56C001D2DAE /* SwiftyJSON.xcodeproj */;
			proxyType = 1;
			remoteGlobalIDString = 2E4FEFDA19575BE100351305;
			remoteInfo = SwiftyJSON;
		};
		52DD65B31A44128C004864F6 /* PBXContainerItemProxy */ = {
			isa = PBXContainerItemProxy;
			containerPortal = 52DD65AE1A44128C004864F6 /* BangumiKit.xcodeproj */;
			proxyType = 2;
			remoteGlobalIDString = 52DD65871A4411BC004864F6;
			remoteInfo = BangumiKit;
		};
		52DD65B51A44128C004864F6 /* PBXContainerItemProxy */ = {
			isa = PBXContainerItemProxy;
			containerPortal = 52DD65AE1A44128C004864F6 /* BangumiKit.xcodeproj */;
			proxyType = 2;
			remoteGlobalIDString = 52DD65921A4411BD004864F6;
			remoteInfo = BangumiKitTests;
		};
		52DD65B71A441290004864F6 /* PBXContainerItemProxy */ = {
			isa = PBXContainerItemProxy;
			containerPortal = 52DD65AE1A44128C004864F6 /* BangumiKit.xcodeproj */;
			proxyType = 1;
			remoteGlobalIDString = 52DD65861A4411BC004864F6;
			remoteInfo = BangumiKit;
		};
/* End PBXContainerItemProxy section */

/* Begin PBXCopyFilesBuildPhase section */
		52DD65531A44039D004864F6 /* Copy Frameworks */ = {
			isa = PBXCopyFilesBuildPhase;
			buildActionMask = 2147483647;
			dstPath = "";
			dstSubfolderSpec = 10;
			files = (
				52BC0EE21A47F57F001D2DAE /* SwiftyJSON.framework in Copy Frameworks */,
				52BC0EC61A47C425001D2DAE /* Alamofire.framework in Copy Frameworks */,
				52DD65B91A441296004864F6 /* BangumiKit.framework in Copy Frameworks */,
			);
			name = "Copy Frameworks";
			runOnlyForDeploymentPostprocessing = 0;
		};
/* End PBXCopyFilesBuildPhase section */

/* Begin PBXFileReference section */
		52ACA3A41A42D99E002D7D7F /* Linker.app */ = {isa = PBXFileReference; explicitFileType = wrapper.application; includeInIndex = 0; path = Linker.app; sourceTree = BUILT_PRODUCTS_DIR; };
		52ACA3A81A42D99E002D7D7F /* Info.plist */ = {isa = PBXFileReference; lastKnownFileType = text.plist.xml; path = Info.plist; sourceTree = "<group>"; };
		52ACA3A91A42D99E002D7D7F /* AppDelegate.swift */ = {isa = PBXFileReference; lastKnownFileType = sourcecode.swift; path = AppDelegate.swift; sourceTree = "<group>"; };
		52ACA3AB1A42D99E002D7D7F /* HomeViewController.swift */ = {isa = PBXFileReference; lastKnownFileType = sourcecode.swift; path = HomeViewController.swift; sourceTree = "<group>"; };
		52ACA3AD1A42D99E002D7D7F /* SettingViewController.swift */ = {isa = PBXFileReference; lastKnownFileType = sourcecode.swift; path = SettingViewController.swift; sourceTree = "<group>"; };
		52ACA3B01A42D99E002D7D7F /* Base */ = {isa = PBXFileReference; lastKnownFileType = file.storyboard; name = Base; path = Base.lproj/Main.storyboard; sourceTree = "<group>"; };
		52ACA3B21A42D99E002D7D7F /* Images.xcassets */ = {isa = PBXFileReference; lastKnownFileType = folder.assetcatalog; path = Images.xcassets; sourceTree = "<group>"; };
		52ACA3B51A42D99E002D7D7F /* Base */ = {isa = PBXFileReference; lastKnownFileType = file.xib; name = Base; path = Base.lproj/LaunchScreen.xib; sourceTree = "<group>"; };
		52ACA3BB1A42D99E002D7D7F /* LinkerTests.xctest */ = {isa = PBXFileReference; explicitFileType = wrapper.cfbundle; includeInIndex = 0; path = LinkerTests.xctest; sourceTree = BUILT_PRODUCTS_DIR; };
		52ACA3C01A42D99E002D7D7F /* Info.plist */ = {isa = PBXFileReference; lastKnownFileType = text.plist.xml; path = Info.plist; sourceTree = "<group>"; };
		52ACA3C11A42D99E002D7D7F /* LinkerTests.swift */ = {isa = PBXFileReference; lastKnownFileType = sourcecode.swift; path = LinkerTests.swift; sourceTree = "<group>"; };
		52ACA3CD1A42DA75002D7D7F /* CollectionArrayDataSource.swift */ = {isa = PBXFileReference; fileEncoding = 4; lastKnownFileType = sourcecode.swift; path = CollectionArrayDataSource.swift; sourceTree = "<group>"; };
		52BC0EBC1A47C409001D2DAE /* Alamofire.xcodeproj */ = {isa = PBXFileReference; lastKnownFileType = "wrapper.pb-project"; name = Alamofire.xcodeproj; path = Alamofire/Alamofire.xcodeproj; sourceTree = SOURCE_ROOT; };
		52BC0ECF1A47F56C001D2DAE /* SwiftyJSON.xcodeproj */ = {isa = PBXFileReference; lastKnownFileType = "wrapper.pb-project"; name = SwiftyJSON.xcodeproj; path = SwiftyJSON/SwiftyJSON.xcodeproj; sourceTree = SOURCE_ROOT; };
		52DD65461A43FEBC004864F6 /* LinkManager.swift */ = {isa = PBXFileReference; fileEncoding = 4; lastKnownFileType = sourcecode.swift; path = LinkManager.swift; sourceTree = "<group>"; };
		52DD65481A44011B004864F6 /* MyPlayground.playground */ = {isa = PBXFileReference; lastKnownFileType = file.playground; path = MyPlayground.playground; sourceTree = "<group>"; };
		52DD65AE1A44128C004864F6 /* BangumiKit.xcodeproj */ = {isa = PBXFileReference; lastKnownFileType = "wrapper.pb-project"; name = BangumiKit.xcodeproj; path = BangumiKit/BangumiKit.xcodeproj; sourceTree = SOURCE_ROOT; };
		52DD65C91A442D1B004864F6 /* BangumiSearchViewController.swift */ = {isa = PBXFileReference; fileEncoding = 4; lastKnownFileType = sourcecode.swift; path = BangumiSearchViewController.swift; sourceTree = "<group>"; };
		52F91E6B1A42EA8400A03CC0 /* AddLinkViewController.swift */ = {isa = PBXFileReference; fileEncoding = 4; lastKnownFileType = sourcecode.swift; path = AddLinkViewController.swift; sourceTree = "<group>"; };
		52F91E6E1A42EDBB00A03CC0 /* LinkCollectionCell.swift */ = {isa = PBXFileReference; fileEncoding = 4; lastKnownFileType = sourcecode.swift; path = LinkCollectionCell.swift; sourceTree = "<group>"; };
/* End PBXFileReference section */

/* Begin PBXFrameworksBuildPhase section */
		52ACA3A11A42D99E002D7D7F /* Frameworks */ = {
			isa = PBXFrameworksBuildPhase;
			buildActionMask = 2147483647;
			files = (
			);
			runOnlyForDeploymentPostprocessing = 0;
		};
		52ACA3B81A42D99E002D7D7F /* Frameworks */ = {
			isa = PBXFrameworksBuildPhase;
			buildActionMask = 2147483647;
			files = (
			);
			runOnlyForDeploymentPostprocessing = 0;
		};
/* End PBXFrameworksBuildPhase section */

/* Begin PBXGroup section */
		52ACA39B1A42D99E002D7D7F = {
			isa = PBXGroup;
			children = (
				52ACA3A61A42D99E002D7D7F /* Linker */,
				52ACA3BE1A42D99E002D7D7F /* LinkerTests */,
				52ACA3A51A42D99E002D7D7F /* Products */,
			);
			sourceTree = "<group>";
		};
		52ACA3A51A42D99E002D7D7F /* Products */ = {
			isa = PBXGroup;
			children = (
				52ACA3A41A42D99E002D7D7F /* Linker.app */,
				52ACA3BB1A42D99E002D7D7F /* LinkerTests.xctest */,
			);
			name = Products;
			sourceTree = "<group>";
		};
		52ACA3A61A42D99E002D7D7F /* Linker */ = {
			isa = PBXGroup;
			children = (
				52BC0ECF1A47F56C001D2DAE /* SwiftyJSON.xcodeproj */,
				52BC0EBC1A47C409001D2DAE /* Alamofire.xcodeproj */,
				52DD65AE1A44128C004864F6 /* BangumiKit.xcodeproj */,
				52DD65451A43FE83004864F6 /* Manager */,
				52F91E6D1A42ED8000A03CC0 /* View */,
				52ACA3CC1A42DA67002D7D7F /* DataSource */,
				52ACA3CB1A42DA56002D7D7F /* ViewController */,
				52ACA3A91A42D99E002D7D7F /* AppDelegate.swift */,
				52ACA3AF1A42D99E002D7D7F /* Main.storyboard */,
				52ACA3B21A42D99E002D7D7F /* Images.xcassets */,
				52ACA3B41A42D99E002D7D7F /* LaunchScreen.xib */,
				52ACA3A71A42D99E002D7D7F /* Supporting Files */,
				52DD65481A44011B004864F6 /* MyPlayground.playground */,
			);
			path = Linker;
			sourceTree = "<group>";
		};
		52ACA3A71A42D99E002D7D7F /* Supporting Files */ = {
			isa = PBXGroup;
			children = (
				52ACA3A81A42D99E002D7D7F /* Info.plist */,
			);
			name = "Supporting Files";
			sourceTree = "<group>";
		};
		52ACA3BE1A42D99E002D7D7F /* LinkerTests */ = {
			isa = PBXGroup;
			children = (
				52ACA3C11A42D99E002D7D7F /* LinkerTests.swift */,
				52ACA3BF1A42D99E002D7D7F /* Supporting Files */,
			);
			path = LinkerTests;
			sourceTree = "<group>";
		};
		52ACA3BF1A42D99E002D7D7F /* Supporting Files */ = {
			isa = PBXGroup;
			children = (
				52ACA3C01A42D99E002D7D7F /* Info.plist */,
			);
			name = "Supporting Files";
			sourceTree = "<group>";
		};
		52ACA3CB1A42DA56002D7D7F /* ViewController */ = {
			isa = PBXGroup;
			children = (
				52ACA3AB1A42D99E002D7D7F /* HomeViewController.swift */,
				52ACA3AD1A42D99E002D7D7F /* SettingViewController.swift */,
				52F91E6B1A42EA8400A03CC0 /* AddLinkViewController.swift */,
				52DD65C91A442D1B004864F6 /* BangumiSearchViewController.swift */,
			);
			name = ViewController;
			sourceTree = "<group>";
		};
		52ACA3CC1A42DA67002D7D7F /* DataSource */ = {
			isa = PBXGroup;
			children = (
				52ACA3CD1A42DA75002D7D7F /* CollectionArrayDataSource.swift */,
			);
			name = DataSource;
			sourceTree = "<group>";
		};
		52BC0EBD1A47C409001D2DAE /* Products */ = {
			isa = PBXGroup;
			children = (
				52BC0EC21A47C409001D2DAE /* Alamofire.framework */,
				52BC0EC41A47C409001D2DAE /* AlamofireTests.xctest */,
			);
			name = Products;
			sourceTree = "<group>";
		};
		52BC0ED01A47F56C001D2DAE /* Products */ = {
			isa = PBXGroup;
			children = (
				52BC0ED91A47F56C001D2DAE /* SwiftyJSON.framework */,
				52BC0EDB1A47F56C001D2DAE /* SwiftyJSONTests.xctest */,
				52BC0EDD1A47F56C001D2DAE /* SwiftyJSON.framework */,
				52BC0EDF1A47F56C001D2DAE /* SwiftyJSONOSXTests.xctest */,
			);
			name = Products;
			sourceTree = "<group>";
		};
		52DD65451A43FE83004864F6 /* Manager */ = {
			isa = PBXGroup;
			children = (
				52DD65461A43FEBC004864F6 /* LinkManager.swift */,
			);
			name = Manager;
			sourceTree = "<group>";
		};
		52DD65AF1A44128C004864F6 /* Products */ = {
			isa = PBXGroup;
			children = (
				52DD65B41A44128C004864F6 /* BangumiKit.framework */,
				52DD65B61A44128C004864F6 /* BangumiKitTests.xctest */,
			);
			name = Products;
			sourceTree = "<group>";
		};
		52F91E6D1A42ED8000A03CC0 /* View */ = {
			isa = PBXGroup;
			children = (
				52F91E6E1A42EDBB00A03CC0 /* LinkCollectionCell.swift */,
			);
			name = View;
			sourceTree = "<group>";
		};
/* End PBXGroup section */

/* Begin PBXNativeTarget section */
		52ACA3A31A42D99E002D7D7F /* Linker */ = {
			isa = PBXNativeTarget;
			buildConfigurationList = 52ACA3C51A42D99E002D7D7F /* Build configuration list for PBXNativeTarget "Linker" */;
			buildPhases = (
				52ACA3A01A42D99E002D7D7F /* Sources */,
				52ACA3A11A42D99E002D7D7F /* Frameworks */,
				52ACA3A21A42D99E002D7D7F /* Resources */,
				52DD65531A44039D004864F6 /* Copy Frameworks */,
			);
			buildRules = (
			);
			dependencies = (
				52BC0EE11A47F577001D2DAE /* PBXTargetDependency */,
				52BC0EC81A47C42A001D2DAE /* PBXTargetDependency */,
				52DD65B81A441290004864F6 /* PBXTargetDependency */,
			);
			name = Linker;
			productName = Linker;
			productReference = 52ACA3A41A42D99E002D7D7F /* Linker.app */;
			productType = "com.apple.product-type.application";
		};
		52ACA3BA1A42D99E002D7D7F /* LinkerTests */ = {
			isa = PBXNativeTarget;
			buildConfigurationList = 52ACA3C81A42D99E002D7D7F /* Build configuration list for PBXNativeTarget "LinkerTests" */;
			buildPhases = (
				52ACA3B71A42D99E002D7D7F /* Sources */,
				52ACA3B81A42D99E002D7D7F /* Frameworks */,
				52ACA3B91A42D99E002D7D7F /* Resources */,
			);
			buildRules = (
			);
			dependencies = (
				52ACA3BD1A42D99E002D7D7F /* PBXTargetDependency */,
			);
			name = LinkerTests;
			productName = LinkerTests;
			productReference = 52ACA3BB1A42D99E002D7D7F /* LinkerTests.xctest */;
			productType = "com.apple.product-type.bundle.unit-test";
		};
/* End PBXNativeTarget section */

/* Begin PBXProject section */
		52ACA39C1A42D99E002D7D7F /* Project object */ = {
			isa = PBXProject;
			attributes = {
				LastUpgradeCheck = 0610;
				ORGANIZATIONNAME = "Xing He";
				TargetAttributes = {
					52ACA3A31A42D99E002D7D7F = {
						CreatedOnToolsVersion = 6.1.1;
						SystemCapabilities = {
							com.apple.BackgroundModes = {
								enabled = 1;
							};
						};
					};
					52ACA3BA1A42D99E002D7D7F = {
						CreatedOnToolsVersion = 6.1.1;
						TestTargetID = 52ACA3A31A42D99E002D7D7F;
					};
				};
			};
			buildConfigurationList = 52ACA39F1A42D99E002D7D7F /* Build configuration list for PBXProject "Linker" */;
			compatibilityVersion = "Xcode 3.2";
			developmentRegion = English;
			hasScannedForEncodings = 0;
			knownRegions = (
				en,
				Base,
			);
			mainGroup = 52ACA39B1A42D99E002D7D7F;
			productRefGroup = 52ACA3A51A42D99E002D7D7F /* Products */;
			projectDirPath = "";
			projectReferences = (
				{
					ProductGroup = 52BC0EBD1A47C409001D2DAE /* Products */;
					ProjectRef = 52BC0EBC1A47C409001D2DAE /* Alamofire.xcodeproj */;
				},
				{
					ProductGroup = 52DD65AF1A44128C004864F6 /* Products */;
					ProjectRef = 52DD65AE1A44128C004864F6 /* BangumiKit.xcodeproj */;
				},
				{
					ProductGroup = 52BC0ED01A47F56C001D2DAE /* Products */;
					ProjectRef = 52BC0ECF1A47F56C001D2DAE /* SwiftyJSON.xcodeproj */;
				},
			);
			projectRoot = "";
			targets = (
				52ACA3A31A42D99E002D7D7F /* Linker */,
				52ACA3BA1A42D99E002D7D7F /* LinkerTests */,
			);
		};
/* End PBXProject section */

/* Begin PBXReferenceProxy section */
		52BC0EC21A47C409001D2DAE /* Alamofire.framework */ = {
			isa = PBXReferenceProxy;
			fileType = wrapper.framework;
			path = Alamofire.framework;
			remoteRef = 52BC0EC11A47C409001D2DAE /* PBXContainerItemProxy */;
			sourceTree = BUILT_PRODUCTS_DIR;
		};
		52BC0EC41A47C409001D2DAE /* AlamofireTests.xctest */ = {
			isa = PBXReferenceProxy;
			fileType = wrapper.cfbundle;
			path = AlamofireTests.xctest;
			remoteRef = 52BC0EC31A47C409001D2DAE /* PBXContainerItemProxy */;
			sourceTree = BUILT_PRODUCTS_DIR;
		};
		52BC0ED91A47F56C001D2DAE /* SwiftyJSON.framework */ = {
			isa = PBXReferenceProxy;
			fileType = wrapper.framework;
			path = SwiftyJSON.framework;
			remoteRef = 52BC0ED81A47F56C001D2DAE /* PBXContainerItemProxy */;
			sourceTree = BUILT_PRODUCTS_DIR;
		};
		52BC0EDB1A47F56C001D2DAE /* SwiftyJSONTests.xctest */ = {
			isa = PBXReferenceProxy;
			fileType = wrapper.cfbundle;
			path = SwiftyJSONTests.xctest;
			remoteRef = 52BC0EDA1A47F56C001D2DAE /* PBXContainerItemProxy */;
			sourceTree = BUILT_PRODUCTS_DIR;
		};
		52BC0EDD1A47F56C001D2DAE /* SwiftyJSON.framework */ = {
			isa = PBXReferenceProxy;
			fileType = wrapper.framework;
			path = SwiftyJSON.framework;
			remoteRef = 52BC0EDC1A47F56C001D2DAE /* PBXContainerItemProxy */;
			sourceTree = BUILT_PRODUCTS_DIR;
		};
		52BC0EDF1A47F56C001D2DAE /* SwiftyJSONOSXTests.xctest */ = {
			isa = PBXReferenceProxy;
			fileType = wrapper.cfbundle;
			path = SwiftyJSONOSXTests.xctest;
			remoteRef = 52BC0EDE1A47F56C001D2DAE /* PBXContainerItemProxy */;
			sourceTree = BUILT_PRODUCTS_DIR;
		};
		52DD65B41A44128C004864F6 /* BangumiKit.framework */ = {
			isa = PBXReferenceProxy;
			fileType = wrapper.framework;
			path = BangumiKit.framework;
			remoteRef = 52DD65B31A44128C004864F6 /* PBXContainerItemProxy */;
			sourceTree = BUILT_PRODUCTS_DIR;
		};
		52DD65B61A44128C004864F6 /* BangumiKitTests.xctest */ = {
			isa = PBXReferenceProxy;
			fileType = wrapper.cfbundle;
			path = BangumiKitTests.xctest;
			remoteRef = 52DD65B51A44128C004864F6 /* PBXContainerItemProxy */;
			sourceTree = BUILT_PRODUCTS_DIR;
		};
/* End PBXReferenceProxy section */

/* Begin PBXResourcesBuildPhase section */
		52ACA3A21A42D99E002D7D7F /* Resources */ = {
			isa = PBXResourcesBuildPhase;
			buildActionMask = 2147483647;
			files = (
				52ACA3B11A42D99E002D7D7F /* Main.storyboard in Resources */,
				52ACA3B61A42D99E002D7D7F /* LaunchScreen.xib in Resources */,
				52ACA3B31A42D99E002D7D7F /* Images.xcassets in Resources */,
			);
			runOnlyForDeploymentPostprocessing = 0;
		};
		52ACA3B91A42D99E002D7D7F /* Resources */ = {
			isa = PBXResourcesBuildPhase;
			buildActionMask = 2147483647;
			files = (
			);
			runOnlyForDeploymentPostprocessing = 0;
		};
/* End PBXResourcesBuildPhase section */

/* Begin PBXSourcesBuildPhase section */
		52ACA3A01A42D99E002D7D7F /* Sources */ = {
			isa = PBXSourcesBuildPhase;
			buildActionMask = 2147483647;
			files = (
				52F91E6C1A42EA8400A03CC0 /* AddLinkViewController.swift in Sources */,
				52F91E6F1A42EDBB00A03CC0 /* LinkCollectionCell.swift in Sources */,
				52ACA3CE1A42DA75002D7D7F /* CollectionArrayDataSource.swift in Sources */,
				52DD65471A43FEBC004864F6 /* LinkManager.swift in Sources */,
				52DD65CA1A442D1B004864F6 /* BangumiSearchViewController.swift in Sources */,
				52ACA3AE1A42D99E002D7D7F /* SettingViewController.swift in Sources */,
				52ACA3AA1A42D99E002D7D7F /* AppDelegate.swift in Sources */,
				52ACA3AC1A42D99E002D7D7F /* HomeViewController.swift in Sources */,
			);
			runOnlyForDeploymentPostprocessing = 0;
		};
		52ACA3B71A42D99E002D7D7F /* Sources */ = {
			isa = PBXSourcesBuildPhase;
			buildActionMask = 2147483647;
			files = (
				52ACA3C21A42D99E002D7D7F /* LinkerTests.swift in Sources */,
			);
			runOnlyForDeploymentPostprocessing = 0;
		};
/* End PBXSourcesBuildPhase section */

/* Begin PBXTargetDependency section */
		52ACA3BD1A42D99E002D7D7F /* PBXTargetDependency */ = {
			isa = PBXTargetDependency;
			target = 52ACA3A31A42D99E002D7D7F /* Linker */;
			targetProxy = 52ACA3BC1A42D99E002D7D7F /* PBXContainerItemProxy */;
		};
		52BC0EC81A47C42A001D2DAE /* PBXTargetDependency */ = {
			isa = PBXTargetDependency;
			name = Alamofire;
			targetProxy = 52BC0EC71A47C42A001D2DAE /* PBXContainerItemProxy */;
		};
		52BC0EE11A47F577001D2DAE /* PBXTargetDependency */ = {
			isa = PBXTargetDependency;
			name = SwiftyJSON;
			targetProxy = 52BC0EE01A47F577001D2DAE /* PBXContainerItemProxy */;
		};
		52DD65B81A441290004864F6 /* PBXTargetDependency */ = {
			isa = PBXTargetDependency;
			name = BangumiKit;
			targetProxy = 52DD65B71A441290004864F6 /* PBXContainerItemProxy */;
		};
/* End PBXTargetDependency section */

/* Begin PBXVariantGroup section */
		52ACA3AF1A42D99E002D7D7F /* Main.storyboard */ = {
			isa = PBXVariantGroup;
			children = (
				52ACA3B01A42D99E002D7D7F /* Base */,
			);
			name = Main.storyboard;
			sourceTree = "<group>";
		};
		52ACA3B41A42D99E002D7D7F /* LaunchScreen.xib */ = {
			isa = PBXVariantGroup;
			children = (
				52ACA3B51A42D99E002D7D7F /* Base */,
			);
			name = LaunchScreen.xib;
			sourceTree = "<group>";
		};
/* End PBXVariantGroup section */

/* Begin XCBuildConfiguration section */
		52ACA3C31A42D99E002D7D7F /* Debug */ = {
			isa = XCBuildConfiguration;
			buildSettings = {
				ALWAYS_SEARCH_USER_PATHS = NO;
				CLANG_CXX_LANGUAGE_STANDARD = "gnu++0x";
				CLANG_CXX_LIBRARY = "libc++";
				CLANG_ENABLE_MODULES = YES;
				CLANG_ENABLE_OBJC_ARC = YES;
				CLANG_WARN_BOOL_CONVERSION = YES;
				CLANG_WARN_CONSTANT_CONVERSION = YES;
				CLANG_WARN_DIRECT_OBJC_ISA_USAGE = YES_ERROR;
				CLANG_WARN_EMPTY_BODY = YES;
				CLANG_WARN_ENUM_CONVERSION = YES;
				CLANG_WARN_INT_CONVERSION = YES;
				CLANG_WARN_OBJC_ROOT_CLASS = YES_ERROR;
				CLANG_WARN_UNREACHABLE_CODE = YES;
				CLANG_WARN__DUPLICATE_METHOD_MATCH = YES;
				"CODE_SIGN_IDENTITY[sdk=iphoneos*]" = "iPhone Developer";
				COPY_PHASE_STRIP = NO;
				ENABLE_STRICT_OBJC_MSGSEND = YES;
				GCC_C_LANGUAGE_STANDARD = gnu99;
				GCC_DYNAMIC_NO_PIC = NO;
				GCC_OPTIMIZATION_LEVEL = 0;
				GCC_PREPROCESSOR_DEFINITIONS = (
					"DEBUG=1",
					"$(inherited)",
				);
				GCC_SYMBOLS_PRIVATE_EXTERN = NO;
				GCC_WARN_64_TO_32_BIT_CONVERSION = YES;
				GCC_WARN_ABOUT_RETURN_TYPE = YES_ERROR;
				GCC_WARN_UNDECLARED_SELECTOR = YES;
				GCC_WARN_UNINITIALIZED_AUTOS = YES_AGGRESSIVE;
				GCC_WARN_UNUSED_FUNCTION = YES;
				GCC_WARN_UNUSED_VARIABLE = YES;
				IPHONEOS_DEPLOYMENT_TARGET = 8.0;
				MTL_ENABLE_DEBUG_INFO = YES;
				ONLY_ACTIVE_ARCH = YES;
				SDKROOT = iphoneos;
				SWIFT_OPTIMIZATION_LEVEL = "-Onone";
				TARGETED_DEVICE_FAMILY = "1,2";
			};
			name = Debug;
		};
		52ACA3C41A42D99E002D7D7F /* Release */ = {
			isa = XCBuildConfiguration;
			buildSettings = {
				ALWAYS_SEARCH_USER_PATHS = NO;
				CLANG_CXX_LANGUAGE_STANDARD = "gnu++0x";
				CLANG_CXX_LIBRARY = "libc++";
				CLANG_ENABLE_MODULES = YES;
				CLANG_ENABLE_OBJC_ARC = YES;
				CLANG_WARN_BOOL_CONVERSION = YES;
				CLANG_WARN_CONSTANT_CONVERSION = YES;
				CLANG_WARN_DIRECT_OBJC_ISA_USAGE = YES_ERROR;
				CLANG_WARN_EMPTY_BODY = YES;
				CLANG_WARN_ENUM_CONVERSION = YES;
				CLANG_WARN_INT_CONVERSION = YES;
				CLANG_WARN_OBJC_ROOT_CLASS = YES_ERROR;
				CLANG_WARN_UNREACHABLE_CODE = YES;
				CLANG_WARN__DUPLICATE_METHOD_MATCH = YES;
				"CODE_SIGN_IDENTITY[sdk=iphoneos*]" = "iPhone Developer";
				COPY_PHASE_STRIP = YES;
				ENABLE_NS_ASSERTIONS = NO;
				ENABLE_STRICT_OBJC_MSGSEND = YES;
				GCC_C_LANGUAGE_STANDARD = gnu99;
				GCC_WARN_64_TO_32_BIT_CONVERSION = YES;
				GCC_WARN_ABOUT_RETURN_TYPE = YES_ERROR;
				GCC_WARN_UNDECLARED_SELECTOR = YES;
				GCC_WARN_UNINITIALIZED_AUTOS = YES_AGGRESSIVE;
				GCC_WARN_UNUSED_FUNCTION = YES;
				GCC_WARN_UNUSED_VARIABLE = YES;
				IPHONEOS_DEPLOYMENT_TARGET = 8.0;
				MTL_ENABLE_DEBUG_INFO = NO;
				SDKROOT = iphoneos;
				TARGETED_DEVICE_FAMILY = "1,2";
				VALIDATE_PRODUCT = YES;
			};
			name = Release;
		};
		52ACA3C61A42D99E002D7D7F /* Debug */ = {
			isa = XCBuildConfiguration;
			buildSettings = {
				ASSETCATALOG_COMPILER_APPICON_NAME = AppIcon;
				INFOPLIST_FILE = Linker/Info.plist;
				IPHONEOS_DEPLOYMENT_TARGET = 7.0;
				LD_RUNPATH_SEARCH_PATHS = "$(inherited) @executable_path/Frameworks";
				PRODUCT_NAME = "$(TARGET_NAME)";
			};
			name = Debug;
		};
		52ACA3C71A42D99E002D7D7F /* Release */ = {
			isa = XCBuildConfiguration;
			buildSettings = {
				ASSETCATALOG_COMPILER_APPICON_NAME = AppIcon;
				INFOPLIST_FILE = Linker/Info.plist;
				IPHONEOS_DEPLOYMENT_TARGET = 7.0;
				LD_RUNPATH_SEARCH_PATHS = "$(inherited) @executable_path/Frameworks";
				PRODUCT_NAME = "$(TARGET_NAME)";
			};
			name = Release;
		};
		52ACA3C91A42D99E002D7D7F /* Debug */ = {
			isa = XCBuildConfiguration;
			buildSettings = {
				BUNDLE_LOADER = "$(TEST_HOST)";
				FRAMEWORK_SEARCH_PATHS = (
					"$(SDKROOT)/Developer/Library/Frameworks",
					"$(inherited)",
				);
				GCC_PREPROCESSOR_DEFINITIONS = (
					"DEBUG=1",
					"$(inherited)",
				);
				INFOPLIST_FILE = LinkerTests/Info.plist;
				LD_RUNPATH_SEARCH_PATHS = "$(inherited) @executable_path/Frameworks @loader_path/Frameworks";
				PRODUCT_NAME = "$(TARGET_NAME)";
				TEST_HOST = "$(BUILT_PRODUCTS_DIR)/Linker.app/Linker";
			};
			name = Debug;
		};
		52ACA3CA1A42D99E002D7D7F /* Release */ = {
			isa = XCBuildConfiguration;
			buildSettings = {
				BUNDLE_LOADER = "$(TEST_HOST)";
				FRAMEWORK_SEARCH_PATHS = (
					"$(SDKROOT)/Developer/Library/Frameworks",
					"$(inherited)",
				);
				INFOPLIST_FILE = LinkerTests/Info.plist;
				LD_RUNPATH_SEARCH_PATHS = "$(inherited) @executable_path/Frameworks @loader_path/Frameworks";
				PRODUCT_NAME = "$(TARGET_NAME)";
				TEST_HOST = "$(BUILT_PRODUCTS_DIR)/Linker.app/Linker";
			};
			name = Release;
		};
/* End XCBuildConfiguration section */

/* Begin XCConfigurationList section */
		52ACA39F1A42D99E002D7D7F /* Build configuration list for PBXProject "Linker" */ = {
			isa = XCConfigurationList;
			buildConfigurations = (
				52ACA3C31A42D99E002D7D7F /* Debug */,
				52ACA3C41A42D99E002D7D7F /* Release */,
			);
			defaultConfigurationIsVisible = 0;
			defaultConfigurationName = Release;
		};
		52ACA3C51A42D99E002D7D7F /* Build configuration list for PBXNativeTarget "Linker" */ = {
			isa = XCConfigurationList;
			buildConfigurations = (
				52ACA3C61A42D99E002D7D7F /* Debug */,
				52ACA3C71A42D99E002D7D7F /* Release */,
			);
			defaultConfigurationIsVisible = 0;
			defaultConfigurationName = Release;
		};
		52ACA3C81A42D99E002D7D7F /* Build configuration list for PBXNativeTarget "LinkerTests" */ = {
			isa = XCConfigurationList;
			buildConfigurations = (
				52ACA3C91A42D99E002D7D7F /* Debug */,
				52ACA3CA1A42D99E002D7D7F /* Release */,
			);
			defaultConfigurationIsVisible = 0;
			defaultConfigurationName = Release;
		};
/* End XCConfigurationList section */
	};
	rootObject = 52ACA39C1A42D99E002D7D7F /* Project object */;
}
