// !$*UTF8*$!
{
	archiveVersion = 1;
	classes = {
	};
	objectVersion = 46;
	objects = {

/* Begin PBXBuildFile section */
		52ACA3AA1A42D99E002D7D7F /* AppDelegate.swift in Sources */ = {isa = PBXBuildFile; fileRef = 52ACA3A91A42D99E002D7D7F /* AppDelegate.swift */; };
		52ACA3AC1A42D99E002D7D7F /* HomeViewController.swift in Sources */ = {isa = PBXBuildFile; fileRef = 52ACA3AB1A42D99E002D7D7F /* HomeViewController.swift */; };
		52ACA3AE1A42D99E002D7D7F /* SettingViewController.swift in Sources */ = {isa = PBXBuildFile; fileRef = 52ACA3AD1A42D99E002D7D7F /* SettingViewController.swift */; };
		52ACA3B11A42D99E002D7D7F /* Main.storyboard in Resources */ = {isa = PBXBuildFile; fileRef = 52ACA3AF1A42D99E002D7D7F /* Main.storyboard */; };
		52ACA3B31A42D99E002D7D7F /* Images.xcassets in Resources */ = {isa = PBXBuildFile; fileRef = 52ACA3B21A42D99E002D7D7F /* Images.xcassets */; };
		52ACA3B61A42D99E002D7D7F /* LaunchScreen.xib in Resources */ = {isa = PBXBuildFile; fileRef = 52ACA3B41A42D99E002D7D7F /* LaunchScreen.xib */; };
		52ACA3C21A42D99E002D7D7F /* LinkerTests.swift in Sources */ = {isa = PBXBuildFile; fileRef = 52ACA3C11A42D99E002D7D7F /* LinkerTests.swift */; };
		52ACA3CE1A42DA75002D7D7F /* CollectionArrayDataSource.swift in Sources */ = {isa = PBXBuildFile; fileRef = 52ACA3CD1A42DA75002D7D7F /* CollectionArrayDataSource.swift */; };
/* End PBXBuildFile section */

/* Begin PBXContainerItemProxy section */
		52ACA3BC1A42D99E002D7D7F /* PBXContainerItemProxy */ = {
			isa = PBXContainerItemProxy;
			containerPortal = 52ACA39C1A42D99E002D7D7F /* Project object */;
			proxyType = 1;
			remoteGlobalIDString = 52ACA3A31A42D99E002D7D7F;
			remoteInfo = Linker;
		};
/* End PBXContainerItemProxy section */

/* Begin PBXFileReference section */
		52ACA3A41A42D99E002D7D7F /* Linker.app */ = {isa = PBXFileReference; explicitFileType = wrapper.application; includeInIndex = 0; path = Linker.app; sourceTree = BUILT_PRODUCTS_DIR; };
		52ACA3A81A42D99E002D7D7F /* Info.plist */ = {isa = PBXFileReference; lastKnownFileType = text.plist.xml; path = Info.plist; sourceTree = "<group>"; };
		52ACA3A91A42D99E002D7D7F /* AppDelegate.swift */ = {isa = PBXFileReference; lastKnownFileType = sourcecode.swift; path = AppDelegate.swift; sourceTree = "<group>"; };
		52ACA3AB1A42D99E002D7D7F /* HomeViewController.swift */ = {isa = PBXFileReference; lastKnownFileType = sourcecode.swift; path = HomeViewController.swift; sourceTree = "<group>"; };
		52ACA3AD1A42D99E002D7D7F /* SettingViewController.swift */ = {isa = PBXFileReference; lastKnownFileType = sourcecode.swift; path = SettingViewController.swift; sourceTree = "<group>"; };
		52ACA3B01A42D99E002D7D7F /* Base */ = {isa = PBXFileReference; lastKnownFileType = file.storyboard; name = Base; path = Base.lproj/Main.storyboard; sourceTree = "<group>"; };
		52ACA3B21A42D99E002D7D7F /* Images.xcassets */ = {isa = PBXFileReference; lastKnownFileType = folder.assetcatalog; path = Images.xcassets; sourceTree = "<group>"; };
		52ACA3B51A42D99E002D7D7F /* Base */ = {isa = PBXFileReference; lastKnownFileType = file.xib; name = Base; path = Base.lproj/LaunchScreen.xib; sourceTree = "<group>"; };
		52ACA3BB1A42D99E002D7D7F /* LinkerTests.xctest */ = {isa = PBXFileReference; explicitFileType = wrapper.cfbundle; includeInIndex = 0; path = LinkerTests.xctest; sourceTree = BUILT_PRODUCTS_DIR; };
		52ACA3C01A42D99E002D7D7F /* Info.plist */ = {isa = PBXFileReference; lastKnownFileType = text.plist.xml; path = Info.plist; sourceTree = "<group>"; };
		52ACA3C11A42D99E002D7D7F /* LinkerTests.swift */ = {isa = PBXFileReference; lastKnownFileType = sourcecode.swift; path = LinkerTests.swift; sourceTree = "<group>"; };
		52ACA3CD1A42DA75002D7D7F /* CollectionArrayDataSource.swift */ = {isa = PBXFileReference; fileEncoding = 4; lastKnownFileType = sourcecode.swift; path = CollectionArrayDataSource.swift; sourceTree = "<group>"; };
/* End PBXFileReference section */

/* Begin PBXFrameworksBuildPhase section */
		52ACA3A11A42D99E002D7D7F /* Frameworks */ = {
			isa = PBXFrameworksBuildPhase;
			buildActionMask = 2147483647;
			files = (
			);
			runOnlyForDeploymentPostprocessing = 0;
		};
		52ACA3B81A42D99E002D7D7F /* Frameworks */ = {
			isa = PBXFrameworksBuildPhase;
			buildActionMask = 2147483647;
			files = (
			);
			runOnlyForDeploymentPostprocessing = 0;
		};
/* End PBXFrameworksBuildPhase section */

/* Begin PBXGroup section */
		52ACA39B1A42D99E002D7D7F = {
			isa = PBXGroup;
			children = (
				52ACA3A61A42D99E002D7D7F /* Linker */,
				52ACA3BE1A42D99E002D7D7F /* LinkerTests */,
				52ACA3A51A42D99E002D7D7F /* Products */,
			);
			sourceTree = "<group>";
		};
		52ACA3A51A42D99E002D7D7F /* Products */ = {
			isa = PBXGroup;
			children = (
				52ACA3A41A42D99E002D7D7F /* Linker.app */,
				52ACA3BB1A42D99E002D7D7F /* LinkerTests.xctest */,
			);
			name = Products;
			sourceTree = "<group>";
		};
		52ACA3A61A42D99E002D7D7F /* Linker */ = {
			isa = PBXGroup;
			children = (
				52ACA3CC1A42DA67002D7D7F /* DataSource */,
				52ACA3CB1A42DA56002D7D7F /* ViewController */,
				52ACA3AF1A42D99E002D7D7F /* Main.storyboard */,
				52ACA3B21A42D99E002D7D7F /* Images.xcassets */,
				52ACA3B41A42D99E002D7D7F /* LaunchScreen.xib */,
				52ACA3A71A42D99E002D7D7F /* Supporting Files */,
			);
			path = Linker;
			sourceTree = "<group>";
		};
		52ACA3A71A42D99E002D7D7F /* Supporting Files */ = {
			isa = PBXGroup;
			children = (
				52ACA3A81A42D99E002D7D7F /* Info.plist */,
			);
			name = "Supporting Files";
			sourceTree = "<group>";
		};
		52ACA3BE1A42D99E002D7D7F /* LinkerTests */ = {
			isa = PBXGroup;
			children = (
				52ACA3C11A42D99E002D7D7F /* LinkerTests.swift */,
				52ACA3BF1A42D99E002D7D7F /* Supporting Files */,
			);
			path = LinkerTests;
			sourceTree = "<group>";
		};
		52ACA3BF1A42D99E002D7D7F /* Supporting Files */ = {
			isa = PBXGroup;
			children = (
				52ACA3C01A42D99E002D7D7F /* Info.plist */,
			);
			name = "Supporting Files";
			sourceTree = "<group>";
		};
		52ACA3CB1A42DA56002D7D7F /* ViewController */ = {
			isa = PBXGroup;
			children = (
				52ACA3A91A42D99E002D7D7F /* AppDelegate.swift */,
				52ACA3AB1A42D99E002D7D7F /* HomeViewController.swift */,
				52ACA3AD1A42D99E002D7D7F /* SettingViewController.swift */,
			);
			name = ViewController;
			sourceTree = "<group>";
		};
		52ACA3CC1A42DA67002D7D7F /* DataSource */ = {
			isa = PBXGroup;
			children = (
				52ACA3CD1A42DA75002D7D7F /* CollectionArrayDataSource.swift */,
			);
			name = DataSource;
			sourceTree = "<group>";
		};
/* End PBXGroup section */

/* Begin PBXNativeTarget section */
		52ACA3A31A42D99E002D7D7F /* Linker */ = {
			isa = PBXNativeTarget;
			buildConfigurationList = 52ACA3C51A42D99E002D7D7F /* Build configuration list for PBXNativeTarget "Linker" */;
			buildPhases = (
				52ACA3A01A42D99E002D7D7F /* Sources */,
				52ACA3A11A42D99E002D7D7F /* Frameworks */,
				52ACA3A21A42D99E002D7D7F /* Resources */,
			);
			buildRules = (
			);
			dependencies = (
			);
			name = Linker;
			productName = Linker;
			productReference = 52ACA3A41A42D99E002D7D7F /* Linker.app */;
			productType = "com.apple.product-type.application";
		};
		52ACA3BA1A42D99E002D7D7F /* LinkerTests */ = {
			isa = PBXNativeTarget;
			buildConfigurationList = 52ACA3C81A42D99E002D7D7F /* Build configuration list for PBXNativeTarget "LinkerTests" */;
			buildPhases = (
				52ACA3B71A42D99E002D7D7F /* Sources */,
				52ACA3B81A42D99E002D7D7F /* Frameworks */,
				52ACA3B91A42D99E002D7D7F /* Resources */,
			);
			buildRules = (
			);
			dependencies = (
				52ACA3BD1A42D99E002D7D7F /* PBXTargetDependency */,
			);
			name = LinkerTests;
			productName = LinkerTests;
			productReference = 52ACA3BB1A42D99E002D7D7F /* LinkerTests.xctest */;
			productType = "com.apple.product-type.bundle.unit-test";
		};
/* End PBXNativeTarget section */

/* Begin PBXProject section */
		52ACA39C1A42D99E002D7D7F /* Project object */ = {
			isa = PBXProject;
			attributes = {
				LastUpgradeCheck = 0610;
				ORGANIZATIONNAME = "Xing He";
				TargetAttributes = {
					52ACA3A31A42D99E002D7D7F = {
						CreatedOnToolsVersion = 6.1.1;
					};
					52ACA3BA1A42D99E002D7D7F = {
						CreatedOnToolsVersion = 6.1.1;
						TestTargetID = 52ACA3A31A42D99E002D7D7F;
					};
				};
			};
			buildConfigurationList = 52ACA39F1A42D99E002D7D7F /* Build configuration list for PBXProject "Linker" */;
			compatibilityVersion = "Xcode 3.2";
			developmentRegion = English;
			hasScannedForEncodings = 0;
			knownRegions = (
				en,
				Base,
			);
			mainGroup = 52ACA39B1A42D99E002D7D7F;
			productRefGroup = 52ACA3A51A42D99E002D7D7F /* Products */;
			projectDirPath = "";
			projectRoot = "";
			targets = (
				52ACA3A31A42D99E002D7D7F /* Linker */,
				52ACA3BA1A42D99E002D7D7F /* LinkerTests */,
			);
		};
/* End PBXProject section */

/* Begin PBXResourcesBuildPhase section */
		52ACA3A21A42D99E002D7D7F /* Resources */ = {
			isa = PBXResourcesBuildPhase;
			buildActionMask = 2147483647;
			files = (
				52ACA3B11A42D99E002D7D7F /* Main.storyboard in Resources */,
				52ACA3B61A42D99E002D7D7F /* LaunchScreen.xib in Resources */,
				52ACA3B31A42D99E002D7D7F /* Images.xcassets in Resources */,
			);
			runOnlyForDeploymentPostprocessing = 0;
		};
		52ACA3B91A42D99E002D7D7F /* Resources */ = {
			isa = PBXResourcesBuildPhase;
			buildActionMask = 2147483647;
			files = (
			);
			runOnlyForDeploymentPostprocessing = 0;
		};
/* End PBXResourcesBuildPhase section */

/* Begin PBXSourcesBuildPhase section */
		52ACA3A01A42D99E002D7D7F /* Sources */ = {
			isa = PBXSourcesBuildPhase;
			buildActionMask = 2147483647;
			files = (
				52ACA3CE1A42DA75002D7D7F /* CollectionArrayDataSource.swift in Sources */,
				52ACA3AE1A42D99E002D7D7F /* SettingViewController.swift in Sources */,
				52ACA3AA1A42D99E002D7D7F /* AppDelegate.swift in Sources */,
				52ACA3AC1A42D99E002D7D7F /* HomeViewController.swift in Sources */,
			);
			runOnlyForDeploymentPostprocessing = 0;
		};
		52ACA3B71A42D99E002D7D7F /* Sources */ = {
			isa = PBXSourcesBuildPhase;
			buildActionMask = 2147483647;
			files = (
				52ACA3C21A42D99E002D7D7F /* LinkerTests.swift in Sources */,
			);
			runOnlyForDeploymentPostprocessing = 0;
		};
/* End PBXSourcesBuildPhase section */

/* Begin PBXTargetDependency section */
		52ACA3BD1A42D99E002D7D7F /* PBXTargetDependency */ = {
			isa = PBXTargetDependency;
			target = 52ACA3A31A42D99E002D7D7F /* Linker */;
			targetProxy = 52ACA3BC1A42D99E002D7D7F /* PBXContainerItemProxy */;
		};
/* End PBXTargetDependency section */

/* Begin PBXVariantGroup section */
		52ACA3AF1A42D99E002D7D7F /* Main.storyboard */ = {
			isa = PBXVariantGroup;
			children = (
				52ACA3B01A42D99E002D7D7F /* Base */,
			);
			name = Main.storyboard;
			sourceTree = "<group>";
		};
		52ACA3B41A42D99E002D7D7F /* LaunchScreen.xib */ = {
			isa = PBXVariantGroup;
			children = (
				52ACA3B51A42D99E002D7D7F /* Base */,
			);
			name = LaunchScreen.xib;
			sourceTree = "<group>";
		};
/* End PBXVariantGroup section */

/* Begin XCBuildConfiguration section */
		52ACA3C31A42D99E002D7D7F /* Debug */ = {
			isa = XCBuildConfiguration;
			buildSettings = {
				ALWAYS_SEARCH_USER_PATHS = NO;
				CLANG_CXX_LANGUAGE_STANDARD = "gnu++0x";
				CLANG_CXX_LIBRARY = "libc++";
				CLANG_ENABLE_MODULES = YES;
				CLANG_ENABLE_OBJC_ARC = YES;
				CLANG_WARN_BOOL_CONVERSION = YES;
				CLANG_WARN_CONSTANT_CONVERSION = YES;
				CLANG_WARN_DIRECT_OBJC_ISA_USAGE = YES_ERROR;
				CLANG_WARN_EMPTY_BODY = YES;
				CLANG_WARN_ENUM_CONVERSION = YES;
				CLANG_WARN_INT_CONVERSION = YES;
				CLANG_WARN_OBJC_ROOT_CLASS = YES_ERROR;
				CLANG_WARN_UNREACHABLE_CODE = YES;
				CLANG_WARN__DUPLICATE_METHOD_MATCH = YES;
				"CODE_SIGN_IDENTITY[sdk=iphoneos*]" = "iPhone Developer";
				COPY_PHASE_STRIP = NO;
				ENABLE_STRICT_OBJC_MSGSEND = YES;
				GCC_C_LANGUAGE_STANDARD = gnu99;
				GCC_DYNAMIC_NO_PIC = NO;
				GCC_OPTIMIZATION_LEVEL = 0;
				GCC_PREPROCESSOR_DEFINITIONS = (
					"DEBUG=1",
					"$(inherited)",
				);
				GCC_SYMBOLS_PRIVATE_EXTERN = NO;
				GCC_WARN_64_TO_32_BIT_CONVERSION = YES;
				GCC_WARN_ABOUT_RETURN_TYPE = YES_ERROR;
				GCC_WARN_UNDECLARED_SELECTOR = YES;
				GCC_WARN_UNINITIALIZED_AUTOS = YES_AGGRESSIVE;
				GCC_WARN_UNUSED_FUNCTION = YES;
				GCC_WARN_UNUSED_VARIABLE = YES;
				IPHONEOS_DEPLOYMENT_TARGET = 8.1;
				MTL_ENABLE_DEBUG_INFO = YES;
				ONLY_ACTIVE_ARCH = YES;
				SDKROOT = iphoneos;
				SWIFT_OPTIMIZATION_LEVEL = "-Onone";
				TARGETED_DEVICE_FAMILY = "1,2";
			};
			name = Debug;
		};
		52ACA3C41A42D99E002D7D7F /* Release */ = {
			isa = XCBuildConfiguration;
			buildSettings = {
				ALWAYS_SEARCH_USER_PATHS = NO;
				CLANG_CXX_LANGUAGE_STANDARD = "gnu++0x";
				CLANG_CXX_LIBRARY = "libc++";
				CLANG_ENABLE_MODULES = YES;
				CLANG_ENABLE_OBJC_ARC = YES;
				CLANG_WARN_BOOL_CONVERSION = YES;
				CLANG_WARN_CONSTANT_CONVERSION = YES;
				CLANG_WARN_DIRECT_OBJC_ISA_USAGE = YES_ERROR;
				CLANG_WARN_EMPTY_BODY = YES;
				CLANG_WARN_ENUM_CONVERSION = YES;
				CLANG_WARN_INT_CONVERSION = YES;
				CLANG_WARN_OBJC_ROOT_CLASS = YES_ERROR;
				CLANG_WARN_UNREACHABLE_CODE = YES;
				CLANG_WARN__DUPLICATE_METHOD_MATCH = YES;
				"CODE_SIGN_IDENTITY[sdk=iphoneos*]" = "iPhone Developer";
				COPY_PHASE_STRIP = YES;
				ENABLE_NS_ASSERTIONS = NO;
				ENABLE_STRICT_OBJC_MSGSEND = YES;
				GCC_C_LANGUAGE_STANDARD = gnu99;
				GCC_WARN_64_TO_32_BIT_CONVERSION = YES;
				GCC_WARN_ABOUT_RETURN_TYPE = YES_ERROR;
				GCC_WARN_UNDECLARED_SELECTOR = YES;
				GCC_WARN_UNINITIALIZED_AUTOS = YES_AGGRESSIVE;
				GCC_WARN_UNUSED_FUNCTION = YES;
				GCC_WARN_UNUSED_VARIABLE = YES;
				IPHONEOS_DEPLOYMENT_TARGET = 8.1;
				MTL_ENABLE_DEBUG_INFO = NO;
				SDKROOT = iphoneos;
				TARGETED_DEVICE_FAMILY = "1,2";
				VALIDATE_PRODUCT = YES;
			};
			name = Release;
		};
		52ACA3C61A42D99E002D7D7F /* Debug */ = {
			isa = XCBuildConfiguration;
			buildSettings = {
				ASSETCATALOG_COMPILER_APPICON_NAME = AppIcon;
				INFOPLIST_FILE = Linker/Info.plist;
				LD_RUNPATH_SEARCH_PATHS = "$(inherited) @executable_path/Frameworks";
				PRODUCT_NAME = "$(TARGET_NAME)";
			};
			name = Debug;
		};
		52ACA3C71A42D99E002D7D7F /* Release */ = {
			isa = XCBuildConfiguration;
			buildSettings = {
				ASSETCATALOG_COMPILER_APPICON_NAME = AppIcon;
				INFOPLIST_FILE = Linker/Info.plist;
				LD_RUNPATH_SEARCH_PATHS = "$(inherited) @executable_path/Frameworks";
				PRODUCT_NAME = "$(TARGET_NAME)";
			};
			name = Release;
		};
		52ACA3C91A42D99E002D7D7F /* Debug */ = {
			isa = XCBuildConfiguration;
			buildSettings = {
				BUNDLE_LOADER = "$(TEST_HOST)";
				FRAMEWORK_SEARCH_PATHS = (
					"$(SDKROOT)/Developer/Library/Frameworks",
					"$(inherited)",
				);
				GCC_PREPROCESSOR_DEFINITIONS = (
					"DEBUG=1",
					"$(inherited)",
				);
				INFOPLIST_FILE = LinkerTests/Info.plist;
				LD_RUNPATH_SEARCH_PATHS = "$(inherited) @executable_path/Frameworks @loader_path/Frameworks";
				PRODUCT_NAME = "$(TARGET_NAME)";
				TEST_HOST = "$(BUILT_PRODUCTS_DIR)/Linker.app/Linker";
			};
			name = Debug;
		};
		52ACA3CA1A42D99E002D7D7F /* Release */ = {
			isa = XCBuildConfiguration;
			buildSettings = {
				BUNDLE_LOADER = "$(TEST_HOST)";
				FRAMEWORK_SEARCH_PATHS = (
					"$(SDKROOT)/Developer/Library/Frameworks",
					"$(inherited)",
				);
				INFOPLIST_FILE = LinkerTests/Info.plist;
				LD_RUNPATH_SEARCH_PATHS = "$(inherited) @executable_path/Frameworks @loader_path/Frameworks";
				PRODUCT_NAME = "$(TARGET_NAME)";
				TEST_HOST = "$(BUILT_PRODUCTS_DIR)/Linker.app/Linker";
			};
			name = Release;
		};
/* End XCBuildConfiguration section */

/* Begin XCConfigurationList section */
		52ACA39F1A42D99E002D7D7F /* Build configuration list for PBXProject "Linker" */ = {
			isa = XCConfigurationList;
			buildConfigurations = (
				52ACA3C31A42D99E002D7D7F /* Debug */,
				52ACA3C41A42D99E002D7D7F /* Release */,
			);
			defaultConfigurationIsVisible = 0;
			defaultConfigurationName = Release;
		};
		52ACA3C51A42D99E002D7D7F /* Build configuration list for PBXNativeTarget "Linker" */ = {
			isa = XCConfigurationList;
			buildConfigurations = (
				52ACA3C61A42D99E002D7D7F /* Debug */,
				52ACA3C71A42D99E002D7D7F /* Release */,
			);
			defaultConfigurationIsVisible = 0;
			defaultConfigurationName = Release;
		};
		52ACA3C81A42D99E002D7D7F /* Build configuration list for PBXNativeTarget "LinkerTests" */ = {
			isa = XCConfigurationList;
			buildConfigurations = (
				52ACA3C91A42D99E002D7D7F /* Debug */,
				52ACA3CA1A42D99E002D7D7F /* Release */,
			);
			defaultConfigurationIsVisible = 0;
			defaultConfigurationName = Release;
		};
/* End XCConfigurationList section */
	};
	rootObject = 52ACA39C1A42D99E002D7D7F /* Project object */;
}
